
Microsoft Visual Studio Solution File, Format Version 12.00
# Visual Studio Version 16
VisualStudioVersion = 16.0.31702.278
MinimumVisualStudioVersion = 10.0.40219.1
Project("{FAE04EC0-301F-11D3-BF4B-00C04F79EFBC}") = "MyFirstApp", "MyFirstApp.csproj", "{CBDEAB5D-68EB-458D-8ADE-600F30D67E9B}"
EndProject
Global
	GlobalSection(SolutionConfigurationPlatforms) = preSolution
		Debug|Any CPU = Debug|Any CPU
		Release|Any CPU = Release|Any CPU
	EndGlobalSection
	GlobalSection(ProjectConfigurationPlatforms) = postSolution
		{CBDEAB5D-68EB-458D-8ADE-600F30D67E9B}.Debug|Any CPU.ActiveCfg = Debug|Any CPU
		{CBDEAB5D-68EB-458D-8ADE-600F30D67E9B}.Debug|Any CPU.Build.0 = Debug|Any CPU
		{CBDEAB5D-68EB-458D-8ADE-600F30D67E9B}.Release|Any CPU.ActiveCfg = Release|Any CPU
		{CBDEAB5D-68EB-458D-8ADE-600F30D67E9B}.Release|Any CPU.Build.0 = Release|Any CPU
	EndGlobalSection
	GlobalSection(SolutionProperties) = preSolution
		HideSolutionNode = FALSE
	EndGlobalSection
	GlobalSection(ExtensibilityGlobals) = postSolution
		SolutionGuid = {E101D6D7-3598-4BE8-8BC4-E2449A8D1ACB}
	EndGlobalSection
EndGlobal
